{
  "name": "melodi-sdk-typescript-examples",
  "version": "1.0.0",
  "lockfileVersion": 3,
  "requires": true,
  "packages": {
    "": {
      "name": "melodi-sdk-typescript-examples",
      "version": "1.0.0",
      "dependencies": {
        "@melodi/melodi-sdk-typescript": "file:../",
        "dotenv": "^16.4.5"
      }
    },
    "..": {
      "name": "@melodi/melodi-sdk-typescript",
      "version": "0.0.4",
      "devDependencies": {
        "@types/node": "^20.14.9"
      }
    },
    "../../..": {},
    "node_modules/@melodi/melodi-sdk-typescript": {
      "resolved": "..",
      "link": true
    },
    "node_modules/dotenv": {
      "version": "16.4.5",
      "resolved": "https://registry.npmjs.org/dotenv/-/dotenv-16.4.5.tgz",
      "integrity": "sha512-ZmdL2rui+eB2YwhsWzjInR8LldtZHGDoQ1ugH85ppHKwpUHL7j7rN0Ti9NCnGiQbhaZ11FpR+7ao1dNsmduNUg==",
      "license": "BSD-2-Clause",
      "engines": {
        "node": ">=12"
      },
      "funding": {
        "url": "https://dotenvx.com"
      }
    }
  }
}
