{
  "name": "melodi-sdk-typescript-examples",
  "version": "1.0.0",
  "lockfileVersion": 3,
  "requires": true,
  "packages": {
    "": {
      "name": "melodi-sdk-typescript-examples",
      "version": "1.0.0",
      "dependencies": {
        "@melodi/melodi-sdk-typescript": "file:../"
      }
    },
    "..": {
      "name": "@melodi/melodi-sdk-typescript",
      "version": "0.0.4",
      "devDependencies": {
        "@types/node": "^20.14.9"
      }
    },
    "../../..": {},
    "node_modules/@melodi/melodi-sdk-typescript": {
      "resolved": "..",
      "link": true
    }
  }
}
